// !$*UTF8*$!
{
	archiveVersion = 1;
	classes = {
	};
	objectVersion = 50;
	objects = {

/* Begin PBXBuildFile section */
		37302F9F26BE859B00411062 /* CurrencyField.swift in Sources */ = {isa = PBXBuildFile; fileRef = 37302F9E26BE859B00411062 /* CurrencyField.swift */; };
		37302FA126BE8CC900411062 /* CurrencyLabel.swift in Sources */ = {isa = PBXBuildFile; fileRef = 37302FA026BE8CC900411062 /* CurrencyLabel.swift */; };
		374C6C0326C4C65C006C6B13 /* PercentageField.swift in Sources */ = {isa = PBXBuildFile; fileRef = 374C6C0226C4C65C006C6B13 /* PercentageField.swift */; };
		374C6C0726C505D1006C6B13 /* SplitTheBillTableViewCell.swift in Sources */ = {isa = PBXBuildFile; fileRef = 374C6C0626C505D1006C6B13 /* SplitTheBillTableViewCell.swift */; };
		374C6C0B26C52BE7006C6B13 /* currency.json in Resources */ = {isa = PBXBuildFile; fileRef = 374C6C0A26C52BE7006C6B13 /* currency.json */; };
		374C6C0D26C53368006C6B13 /* Currency.swift in Sources */ = {isa = PBXBuildFile; fileRef = 374C6C0C26C53368006C6B13 /* Currency.swift */; };
		374C6C1126C55FB9006C6B13 /* SettingsTableViewController.swift in Sources */ = {isa = PBXBuildFile; fileRef = 374C6C1026C55FB9006C6B13 /* SettingsTableViewController.swift */; };
		374C6C1326C565EB006C6B13 /* CurrencyTableViewController.swift in Sources */ = {isa = PBXBuildFile; fileRef = 374C6C1226C565EB006C6B13 /* CurrencyTableViewController.swift */; };
		374C6C1526C568EE006C6B13 /* CurrencyTableViewCell.swift in Sources */ = {isa = PBXBuildFile; fileRef = 374C6C1426C568EE006C6B13 /* CurrencyTableViewCell.swift */; };
		374C6C1926C57229006C6B13 /* SettingsTableViewCell.swift in Sources */ = {isa = PBXBuildFile; fileRef = 374C6C1826C57229006C6B13 /* SettingsTableViewCell.swift */; };
		374C6C2726C73E73006C6B13 /* Locale.swift in Sources */ = {isa = PBXBuildFile; fileRef = 374C6C2626C73E72006C6B13 /* Locale.swift */; };
		374C6C2B26C8DD03006C6B13 /* DefaultTipViewController.swift in Sources */ = {isa = PBXBuildFile; fileRef = 374C6C2A26C8DD03006C6B13 /* DefaultTipViewController.swift */; };
		374C6C2D26C9CBDA006C6B13 /* CurrencyViewController.swift in Sources */ = {isa = PBXBuildFile; fileRef = 374C6C2C26C9CBDA006C6B13 /* CurrencyViewController.swift */; };
		374C6C2F26C9DD06006C6B13 /* AppearanceViewController.swift in Sources */ = {isa = PBXBuildFile; fileRef = 374C6C2E26C9DD06006C6B13 /* AppearanceViewController.swift */; };
		374C6C3126C9E065006C6B13 /* AppearanceTableViewCell.swift in Sources */ = {isa = PBXBuildFile; fileRef = 374C6C3026C9E065006C6B13 /* AppearanceTableViewCell.swift */; };
		3754068F26C48FE5001940BA /* TipViewController.swift in Sources */ = {isa = PBXBuildFile; fileRef = 3754068E26C48FE5001940BA /* TipViewController.swift */; };
		37ABAD5C26B8915E00C9898E /* AppDelegate.swift in Sources */ = {isa = PBXBuildFile; fileRef = 37ABAD5B26B8915E00C9898E /* AppDelegate.swift */; };
		37ABAD5E26B8915E00C9898E /* SceneDelegate.swift in Sources */ = {isa = PBXBuildFile; fileRef = 37ABAD5D26B8915E00C9898E /* SceneDelegate.swift */; };
		37ABAD6326B8915E00C9898E /* Main.storyboard in Resources */ = {isa = PBXBuildFile; fileRef = 37ABAD6126B8915E00C9898E /* Main.storyboard */; };
		37ABAD6526B8916000C9898E /* Assets.xcassets in Resources */ = {isa = PBXBuildFile; fileRef = 37ABAD6426B8916000C9898E /* Assets.xcassets */; };
		37ABAD6826B8916000C9898E /* LaunchScreen.storyboard in Resources */ = {isa = PBXBuildFile; fileRef = 37ABAD6626B8916000C9898E /* LaunchScreen.storyboard */; };
		37CA52A426BF8B67004013D7 /* GradientView.swift in Sources */ = {isa = PBXBuildFile; fileRef = 37CA52A326BF8B67004013D7 /* GradientView.swift */; };
/* End PBXBuildFile section */

/* Begin PBXFileReference section */
		37302F9E26BE859B00411062 /* CurrencyField.swift */ = {isa = PBXFileReference; lastKnownFileType = sourcecode.swift; path = CurrencyField.swift; sourceTree = "<group>"; };
		37302FA026BE8CC900411062 /* CurrencyLabel.swift */ = {isa = PBXFileReference; lastKnownFileType = sourcecode.swift; path = CurrencyLabel.swift; sourceTree = "<group>"; };
		374C6C0226C4C65C006C6B13 /* PercentageField.swift */ = {isa = PBXFileReference; lastKnownFileType = sourcecode.swift; path = PercentageField.swift; sourceTree = "<group>"; };
		374C6C0626C505D1006C6B13 /* SplitTheBillTableViewCell.swift */ = {isa = PBXFileReference; lastKnownFileType = sourcecode.swift; path = SplitTheBillTableViewCell.swift; sourceTree = "<group>"; };
		374C6C0A26C52BE7006C6B13 /* currency.json */ = {isa = PBXFileReference; lastKnownFileType = text.json; path = currency.json; sourceTree = "<group>"; xcLanguageSpecificationIdentifier = xcode.lang.json; };
		374C6C0C26C53368006C6B13 /* Currency.swift */ = {isa = PBXFileReference; lastKnownFileType = sourcecode.swift; path = Currency.swift; sourceTree = "<group>"; };
		374C6C1026C55FB9006C6B13 /* SettingsTableViewController.swift */ = {isa = PBXFileReference; lastKnownFileType = sourcecode.swift; path = SettingsTableViewController.swift; sourceTree = "<group>"; };
		374C6C1226C565EB006C6B13 /* CurrencyTableViewController.swift */ = {isa = PBXFileReference; lastKnownFileType = sourcecode.swift; path = CurrencyTableViewController.swift; sourceTree = "<group>"; };
		374C6C1426C568EE006C6B13 /* CurrencyTableViewCell.swift */ = {isa = PBXFileReference; lastKnownFileType = sourcecode.swift; path = CurrencyTableViewCell.swift; sourceTree = "<group>"; };
		374C6C1826C57229006C6B13 /* SettingsTableViewCell.swift */ = {isa = PBXFileReference; lastKnownFileType = sourcecode.swift; path = SettingsTableViewCell.swift; sourceTree = "<group>"; };
		374C6C2626C73E72006C6B13 /* Locale.swift */ = {isa = PBXFileReference; lastKnownFileType = sourcecode.swift; path = Locale.swift; sourceTree = "<group>"; };
		374C6C2A26C8DD03006C6B13 /* DefaultTipViewController.swift */ = {isa = PBXFileReference; lastKnownFileType = sourcecode.swift; path = DefaultTipViewController.swift; sourceTree = "<group>"; };
		374C6C2C26C9CBDA006C6B13 /* CurrencyViewController.swift */ = {isa = PBXFileReference; lastKnownFileType = sourcecode.swift; path = CurrencyViewController.swift; sourceTree = "<group>"; };
		374C6C2E26C9DD06006C6B13 /* AppearanceViewController.swift */ = {isa = PBXFileReference; lastKnownFileType = sourcecode.swift; path = AppearanceViewController.swift; sourceTree = "<group>"; };
		374C6C3026C9E065006C6B13 /* AppearanceTableViewCell.swift */ = {isa = PBXFileReference; lastKnownFileType = sourcecode.swift; path = AppearanceTableViewCell.swift; sourceTree = "<group>"; };
		3754068E26C48FE5001940BA /* TipViewController.swift */ = {isa = PBXFileReference; lastKnownFileType = sourcecode.swift; path = TipViewController.swift; sourceTree = "<group>"; };
		37ABAD5826B8915E00C9898E /* Tip%.app */ = {isa = PBXFileReference; explicitFileType = wrapper.application; includeInIndex = 0; path = "Tip%.app"; sourceTree = BUILT_PRODUCTS_DIR; };
		37ABAD5B26B8915E00C9898E /* AppDelegate.swift */ = {isa = PBXFileReference; lastKnownFileType = sourcecode.swift; path = AppDelegate.swift; sourceTree = "<group>"; };
		37ABAD5D26B8915E00C9898E /* SceneDelegate.swift */ = {isa = PBXFileReference; lastKnownFileType = sourcecode.swift; path = SceneDelegate.swift; sourceTree = "<group>"; };
		37ABAD6226B8915E00C9898E /* Base */ = {isa = PBXFileReference; lastKnownFileType = file.storyboard; name = Base; path = Base.lproj/Main.storyboard; sourceTree = "<group>"; };
		37ABAD6426B8916000C9898E /* Assets.xcassets */ = {isa = PBXFileReference; lastKnownFileType = folder.assetcatalog; path = Assets.xcassets; sourceTree = "<group>"; };
		37ABAD6726B8916000C9898E /* Base */ = {isa = PBXFileReference; lastKnownFileType = file.storyboard; name = Base; path = Base.lproj/LaunchScreen.storyboard; sourceTree = "<group>"; };
		37ABAD6926B8916000C9898E /* Info.plist */ = {isa = PBXFileReference; lastKnownFileType = text.plist.xml; path = Info.plist; sourceTree = "<group>"; };
		37CA52A326BF8B67004013D7 /* GradientView.swift */ = {isa = PBXFileReference; lastKnownFileType = sourcecode.swift; path = GradientView.swift; sourceTree = "<group>"; };
/* End PBXFileReference section */

/* Begin PBXFrameworksBuildPhase section */
		37ABAD5526B8915E00C9898E /* Frameworks */ = {
			isa = PBXFrameworksBuildPhase;
			buildActionMask = 2147483647;
			files = (
			);
			runOnlyForDeploymentPostprocessing = 0;
		};
/* End PBXFrameworksBuildPhase section */

/* Begin PBXGroup section */
		374C6C1B26C72ABE006C6B13 /* Controllers */ = {
			isa = PBXGroup;
			children = (
				374C6C2026C72EF4006C6B13 /* Lables and Fields */,
				3754068E26C48FE5001940BA /* TipViewController.swift */,
				374C6C1026C55FB9006C6B13 /* SettingsTableViewController.swift */,
				374C6C1226C565EB006C6B13 /* CurrencyTableViewController.swift */,
				374C6C2C26C9CBDA006C6B13 /* CurrencyViewController.swift */,
				374C6C2E26C9DD06006C6B13 /* AppearanceViewController.swift */,
				374C6C2A26C8DD03006C6B13 /* DefaultTipViewController.swift */,
			);
			path = Controllers;
			sourceTree = "<group>";
		};
		374C6C1C26C72ACE006C6B13 /* Models */ = {
			isa = PBXGroup;
			children = (
				374C6C0C26C53368006C6B13 /* Currency.swift */,
				374C6C2626C73E72006C6B13 /* Locale.swift */,
			);
			path = Models;
			sourceTree = "<group>";
		};
		374C6C1D26C72ADB006C6B13 /* Views */ = {
			isa = PBXGroup;
			children = (
				374C6C1826C57229006C6B13 /* SettingsTableViewCell.swift */,
				374C6C1426C568EE006C6B13 /* CurrencyTableViewCell.swift */,
				374C6C0626C505D1006C6B13 /* SplitTheBillTableViewCell.swift */,
				37CA52A326BF8B67004013D7 /* GradientView.swift */,
				374C6C3026C9E065006C6B13 /* AppearanceTableViewCell.swift */,
			);
			path = Views;
			sourceTree = "<group>";
		};
		374C6C1E26C72E59006C6B13 /* Support Files */ = {
			isa = PBXGroup;
			children = (
				374C6C0A26C52BE7006C6B13 /* currency.json */,
				37ABAD6426B8916000C9898E /* Assets.xcassets */,
				37ABAD5D26B8915E00C9898E /* SceneDelegate.swift */,
				37ABAD5B26B8915E00C9898E /* AppDelegate.swift */,
			);
			path = "Support Files";
			sourceTree = "<group>";
		};
		374C6C1F26C72EAD006C6B13 /* Storyboard */ = {
			isa = PBXGroup;
			children = (
				37ABAD6126B8915E00C9898E /* Main.storyboard */,
				37ABAD6626B8916000C9898E /* LaunchScreen.storyboard */,
			);
			path = Storyboard;
			sourceTree = "<group>";
		};
		374C6C2026C72EF4006C6B13 /* Lables and Fields */ = {
			isa = PBXGroup;
			children = (
				37302F9E26BE859B00411062 /* CurrencyField.swift */,
				374C6C0226C4C65C006C6B13 /* PercentageField.swift */,
				37302FA026BE8CC900411062 /* CurrencyLabel.swift */,
			);
			path = "Lables and Fields";
			sourceTree = "<group>";
		};
		37ABAD4F26B8915E00C9898E = {
			isa = PBXGroup;
			children = (
				37ABAD5A26B8915E00C9898E /* Prework */,
				37ABAD5926B8915E00C9898E /* Products */,
			);
			sourceTree = "<group>";
		};
		37ABAD5926B8915E00C9898E /* Products */ = {
			isa = PBXGroup;
			children = (
				37ABAD5826B8915E00C9898E /* Tip%.app */,
			);
			name = Products;
			path = Prework;
			sourceTree = "<group>";
		};
		37ABAD5A26B8915E00C9898E /* Prework */ = {
			isa = PBXGroup;
			children = (
				37ABAD6926B8916000C9898E /* Info.plist */,
				374C6C1F26C72EAD006C6B13 /* Storyboard */,
				374C6C1E26C72E59006C6B13 /* Support Files */,
				374C6C1B26C72ABE006C6B13 /* Controllers */,
				374C6C1C26C72ACE006C6B13 /* Models */,
				374C6C1D26C72ADB006C6B13 /* Views */,
			);
			path = Prework;
			sourceTree = "<group>";
		};
/* End PBXGroup section */

/* Begin PBXNativeTarget section */
		37ABAD5726B8915E00C9898E /* Prework */ = {
			isa = PBXNativeTarget;
			buildConfigurationList = 37ABAD8226B8916100C9898E /* Build configuration list for PBXNativeTarget "Prework" */;
			buildPhases = (
				37ABAD5426B8915E00C9898E /* Sources */,
				37ABAD5526B8915E00C9898E /* Frameworks */,
				37ABAD5626B8915E00C9898E /* Resources */,
			);
			buildRules = (
			);
			dependencies = (
			);
			name = Prework;
			productName = Prework;
			productReference = 37ABAD5826B8915E00C9898E /* Tip%.app */;
			productType = "com.apple.product-type.application";
		};
/* End PBXNativeTarget section */

/* Begin PBXProject section */
		37ABAD5026B8915E00C9898E /* Project object */ = {
			isa = PBXProject;
			attributes = {
				LastSwiftUpdateCheck = 1250;
				LastUpgradeCheck = 1250;
				TargetAttributes = {
					37ABAD5726B8915E00C9898E = {
						CreatedOnToolsVersion = 12.5.1;
					};
				};
			};
			buildConfigurationList = 37ABAD5326B8915E00C9898E /* Build configuration list for PBXProject "Prework" */;
			compatibilityVersion = "Xcode 9.3";
			developmentRegion = en;
			hasScannedForEncodings = 0;
			knownRegions = (
				en,
				Base,
			);
			mainGroup = 37ABAD4F26B8915E00C9898E;
			productRefGroup = 37ABAD5926B8915E00C9898E /* Products */;
			projectDirPath = "";
			projectRoot = "";
			targets = (
				37ABAD5726B8915E00C9898E /* Prework */,
			);
		};
/* End PBXProject section */

/* Begin PBXResourcesBuildPhase section */
		37ABAD5626B8915E00C9898E /* Resources */ = {
			isa = PBXResourcesBuildPhase;
			buildActionMask = 2147483647;
			files = (
				374C6C0B26C52BE7006C6B13 /* currency.json in Resources */,
				37ABAD6826B8916000C9898E /* LaunchScreen.storyboard in Resources */,
				37ABAD6526B8916000C9898E /* Assets.xcassets in Resources */,
				37ABAD6326B8915E00C9898E /* Main.storyboard in Resources */,
			);
			runOnlyForDeploymentPostprocessing = 0;
		};
/* End PBXResourcesBuildPhase section */

/* Begin PBXSourcesBuildPhase section */
		37ABAD5426B8915E00C9898E /* Sources */ = {
			isa = PBXSourcesBuildPhase;
			buildActionMask = 2147483647;
			files = (
				374C6C0726C505D1006C6B13 /* SplitTheBillTableViewCell.swift in Sources */,
				374C6C1926C57229006C6B13 /* SettingsTableViewCell.swift in Sources */,
				374C6C1126C55FB9006C6B13 /* SettingsTableViewController.swift in Sources */,
				374C6C3126C9E065006C6B13 /* AppearanceTableViewCell.swift in Sources */,
				3754068F26C48FE5001940BA /* TipViewController.swift in Sources */,
				374C6C2726C73E73006C6B13 /* Locale.swift in Sources */,
				37302F9F26BE859B00411062 /* CurrencyField.swift in Sources */,
				37302FA126BE8CC900411062 /* CurrencyLabel.swift in Sources */,
				374C6C2B26C8DD03006C6B13 /* DefaultTipViewController.swift in Sources */,
				37ABAD5C26B8915E00C9898E /* AppDelegate.swift in Sources */,
				37CA52A426BF8B67004013D7 /* GradientView.swift in Sources */,
				37ABAD5E26B8915E00C9898E /* SceneDelegate.swift in Sources */,
				374C6C2F26C9DD06006C6B13 /* AppearanceViewController.swift in Sources */,
				374C6C2D26C9CBDA006C6B13 /* CurrencyViewController.swift in Sources */,
				374C6C1326C565EB006C6B13 /* CurrencyTableViewController.swift in Sources */,
				374C6C1526C568EE006C6B13 /* CurrencyTableViewCell.swift in Sources */,
				374C6C0D26C53368006C6B13 /* Currency.swift in Sources */,
				374C6C0326C4C65C006C6B13 /* PercentageField.swift in Sources */,
			);
			runOnlyForDeploymentPostprocessing = 0;
		};
/* End PBXSourcesBuildPhase section */

/* Begin PBXVariantGroup section */
		37ABAD6126B8915E00C9898E /* Main.storyboard */ = {
			isa = PBXVariantGroup;
			children = (
				37ABAD6226B8915E00C9898E /* Base */,
			);
			name = Main.storyboard;
			sourceTree = "<group>";
		};
		37ABAD6626B8916000C9898E /* LaunchScreen.storyboard */ = {
			isa = PBXVariantGroup;
			children = (
				37ABAD6726B8916000C9898E /* Base */,
			);
			name = LaunchScreen.storyboard;
			sourceTree = "<group>";
		};
/* End PBXVariantGroup section */

/* Begin XCBuildConfiguration section */
		37ABAD8026B8916100C9898E /* Debug */ = {
			isa = XCBuildConfiguration;
			buildSettings = {
				ALWAYS_SEARCH_USER_PATHS = NO;
				CLANG_ANALYZER_NONNULL = YES;
				CLANG_ANALYZER_NUMBER_OBJECT_CONVERSION = YES_AGGRESSIVE;
				CLANG_CXX_LANGUAGE_STANDARD = "gnu++14";
				CLANG_CXX_LIBRARY = "libc++";
				CLANG_ENABLE_MODULES = YES;
				CLANG_ENABLE_OBJC_ARC = YES;
				CLANG_ENABLE_OBJC_WEAK = YES;
				CLANG_WARN_BLOCK_CAPTURE_AUTORELEASING = YES;
				CLANG_WARN_BOOL_CONVERSION = YES;
				CLANG_WARN_COMMA = YES;
				CLANG_WARN_CONSTANT_CONVERSION = YES;
				CLANG_WARN_DEPRECATED_OBJC_IMPLEMENTATIONS = YES;
				CLANG_WARN_DIRECT_OBJC_ISA_USAGE = YES_ERROR;
				CLANG_WARN_DOCUMENTATION_COMMENTS = YES;
				CLANG_WARN_EMPTY_BODY = YES;
				CLANG_WARN_ENUM_CONVERSION = YES;
				CLANG_WARN_INFINITE_RECURSION = YES;
				CLANG_WARN_INT_CONVERSION = YES;
				CLANG_WARN_NON_LITERAL_NULL_CONVERSION = YES;
				CLANG_WARN_OBJC_IMPLICIT_RETAIN_SELF = YES;
				CLANG_WARN_OBJC_LITERAL_CONVERSION = YES;
				CLANG_WARN_OBJC_ROOT_CLASS = YES_ERROR;
				CLANG_WARN_QUOTED_INCLUDE_IN_FRAMEWORK_HEADER = YES;
				CLANG_WARN_RANGE_LOOP_ANALYSIS = YES;
				CLANG_WARN_STRICT_PROTOTYPES = YES;
				CLANG_WARN_SUSPICIOUS_MOVE = YES;
				CLANG_WARN_UNGUARDED_AVAILABILITY = YES_AGGRESSIVE;
				CLANG_WARN_UNREACHABLE_CODE = YES;
				CLANG_WARN__DUPLICATE_METHOD_MATCH = YES;
				COPY_PHASE_STRIP = NO;
				DEBUG_INFORMATION_FORMAT = dwarf;
				ENABLE_STRICT_OBJC_MSGSEND = YES;
				ENABLE_TESTABILITY = YES;
				GCC_C_LANGUAGE_STANDARD = gnu11;
				GCC_DYNAMIC_NO_PIC = NO;
				GCC_NO_COMMON_BLOCKS = YES;
				GCC_OPTIMIZATION_LEVEL = 0;
				GCC_PREPROCESSOR_DEFINITIONS = (
					"DEBUG=1",
					"$(inherited)",
				);
				GCC_WARN_64_TO_32_BIT_CONVERSION = YES;
				GCC_WARN_ABOUT_RETURN_TYPE = YES_ERROR;
				GCC_WARN_UNDECLARED_SELECTOR = YES;
				GCC_WARN_UNINITIALIZED_AUTOS = YES_AGGRESSIVE;
				GCC_WARN_UNUSED_FUNCTION = YES;
				GCC_WARN_UNUSED_VARIABLE = YES;
				IPHONEOS_DEPLOYMENT_TARGET = 14.5;
				MTL_ENABLE_DEBUG_INFO = INCLUDE_SOURCE;
				MTL_FAST_MATH = YES;
				ONLY_ACTIVE_ARCH = YES;
				SDKROOT = iphoneos;
				SWIFT_ACTIVE_COMPILATION_CONDITIONS = DEBUG;
				SWIFT_OPTIMIZATION_LEVEL = "-Onone";
			};
			name = Debug;
		};
		37ABAD8126B8916100C9898E /* Release */ = {
			isa = XCBuildConfiguration;
			buildSettings = {
				ALWAYS_SEARCH_USER_PATHS = NO;
				CLANG_ANALYZER_NONNULL = YES;
				CLANG_ANALYZER_NUMBER_OBJECT_CONVERSION = YES_AGGRESSIVE;
				CLANG_CXX_LANGUAGE_STANDARD = "gnu++14";
				CLANG_CXX_LIBRARY = "libc++";
				CLANG_ENABLE_MODULES = YES;
				CLANG_ENABLE_OBJC_ARC = YES;
				CLANG_ENABLE_OBJC_WEAK = YES;
				CLANG_WARN_BLOCK_CAPTURE_AUTORELEASING = YES;
				CLANG_WARN_BOOL_CONVERSION = YES;
				CLANG_WARN_COMMA = YES;
				CLANG_WARN_CONSTANT_CONVERSION = YES;
				CLANG_WARN_DEPRECATED_OBJC_IMPLEMENTATIONS = YES;
				CLANG_WARN_DIRECT_OBJC_ISA_USAGE = YES_ERROR;
				CLANG_WARN_DOCUMENTATION_COMMENTS = YES;
				CLANG_WARN_EMPTY_BODY = YES;
				CLANG_WARN_ENUM_CONVERSION = YES;
				CLANG_WARN_INFINITE_RECURSION = YES;
				CLANG_WARN_INT_CONVERSION = YES;
				CLANG_WARN_NON_LITERAL_NULL_CONVERSION = YES;
				CLANG_WARN_OBJC_IMPLICIT_RETAIN_SELF = YES;
				CLANG_WARN_OBJC_LITERAL_CONVERSION = YES;
				CLANG_WARN_OBJC_ROOT_CLASS = YES_ERROR;
				CLANG_WARN_QUOTED_INCLUDE_IN_FRAMEWORK_HEADER = YES;
				CLANG_WARN_RANGE_LOOP_ANALYSIS = YES;
				CLANG_WARN_STRICT_PROTOTYPES = YES;
				CLANG_WARN_SUSPICIOUS_MOVE = YES;
				CLANG_WARN_UNGUARDED_AVAILABILITY = YES_AGGRESSIVE;
				CLANG_WARN_UNREACHABLE_CODE = YES;
				CLANG_WARN__DUPLICATE_METHOD_MATCH = YES;
				COPY_PHASE_STRIP = NO;
				DEBUG_INFORMATION_FORMAT = "dwarf-with-dsym";
				ENABLE_NS_ASSERTIONS = NO;
				ENABLE_STRICT_OBJC_MSGSEND = YES;
				GCC_C_LANGUAGE_STANDARD = gnu11;
				GCC_NO_COMMON_BLOCKS = YES;
				GCC_WARN_64_TO_32_BIT_CONVERSION = YES;
				GCC_WARN_ABOUT_RETURN_TYPE = YES_ERROR;
				GCC_WARN_UNDECLARED_SELECTOR = YES;
				GCC_WARN_UNINITIALIZED_AUTOS = YES_AGGRESSIVE;
				GCC_WARN_UNUSED_FUNCTION = YES;
				GCC_WARN_UNUSED_VARIABLE = YES;
				IPHONEOS_DEPLOYMENT_TARGET = 14.5;
				MTL_ENABLE_DEBUG_INFO = NO;
				MTL_FAST_MATH = YES;
				SDKROOT = iphoneos;
				SWIFT_COMPILATION_MODE = wholemodule;
				SWIFT_OPTIMIZATION_LEVEL = "-O";
				VALIDATE_PRODUCT = YES;
			};
			name = Release;
		};
		37ABAD8326B8916100C9898E /* Debug */ = {
			isa = XCBuildConfiguration;
			buildSettings = {
				ASSETCATALOG_COMPILER_APPICON_NAME = AppIcon;
				ASSETCATALOG_COMPILER_GLOBAL_ACCENT_COLOR_NAME = AccentColor;
				CODE_SIGN_STYLE = Automatic;
				DEVELOPMENT_TEAM = B3YGGHFFD4;
				INFOPLIST_FILE = Prework/Info.plist;
				IPHONEOS_DEPLOYMENT_TARGET = 14.5;
				LD_RUNPATH_SEARCH_PATHS = (
					"$(inherited)",
					"@executable_path/Frameworks",
				);
				PRODUCT_BUNDLE_IDENTIFIER = jarodwellinghoff.Prework;
				PRODUCT_NAME = "Tip%";
				SWIFT_VERSION = 5.0;
				TARGETED_DEVICE_FAMILY = "1,2";
			};
			name = Debug;
		};
		37ABAD8426B8916100C9898E /* Release */ = {
			isa = XCBuildConfiguration;
			buildSettings = {
				ASSETCATALOG_COMPILER_APPICON_NAME = AppIcon;
				ASSETCATALOG_COMPILER_GLOBAL_ACCENT_COLOR_NAME = AccentColor;
				CODE_SIGN_STYLE = Automatic;
				DEVELOPMENT_TEAM = B3YGGHFFD4;
				INFOPLIST_FILE = Prework/Info.plist;
				IPHONEOS_DEPLOYMENT_TARGET = 14.5;
				LD_RUNPATH_SEARCH_PATHS = (
					"$(inherited)",
					"@executable_path/Frameworks",
				);
				PRODUCT_BUNDLE_IDENTIFIER = jarodwellinghoff.Prework;
				PRODUCT_NAME = "Tip%";
				SWIFT_VERSION = 5.0;
				TARGETED_DEVICE_FAMILY = "1,2";
			};
			name = Release;
		};
/* End XCBuildConfiguration section */

/* Begin XCConfigurationList section */
		37ABAD5326B8915E00C9898E /* Build configuration list for PBXProject "Prework" */ = {
			isa = XCConfigurationList;
			buildConfigurations = (
				37ABAD8026B8916100C9898E /* Debug */,
				37ABAD8126B8916100C9898E /* Release */,
			);
			defaultConfigurationIsVisible = 0;
			defaultConfigurationName = Release;
		};
		37ABAD8226B8916100C9898E /* Build configuration list for PBXNativeTarget "Prework" */ = {
			isa = XCConfigurationList;
			buildConfigurations = (
				37ABAD8326B8916100C9898E /* Debug */,
				37ABAD8426B8916100C9898E /* Release */,
			);
			defaultConfigurationIsVisible = 0;
			defaultConfigurationName = Release;
		};
/* End XCConfigurationList section */
	};
	rootObject = 37ABAD5026B8915E00C9898E /* Project object */;
}
