// !$*UTF8*$!
{
	archiveVersion = 1;
	classes = {
	};
	objectVersion = 50;
	objects = {

/* Begin PBXBuildFile section */
		37302F9F26BE859B00411062 /* CurrencyField.swift in Sources */ = {isa = PBXBuildFile; fileRef = 37302F9E26BE859B00411062 /* CurrencyField.swift */; };
		37302FA126BE8CC900411062 /* CurrencyLabel.swift in Sources */ = {isa = PBXBuildFile; fileRef = 37302FA026BE8CC900411062 /* CurrencyLabel.swift */; };
		37302FA326BE942500411062 /* SettingsViewController.swift in Sources */ = {isa = PBXBuildFile; fileRef = 37302FA226BE942500411062 /* SettingsViewController.swift */; };
		37ABAD5C26B8915E00C9898E /* AppDelegate.swift in Sources */ = {isa = PBXBuildFile; fileRef = 37ABAD5B26B8915E00C9898E /* AppDelegate.swift */; };
		37ABAD5E26B8915E00C9898E /* SceneDelegate.swift in Sources */ = {isa = PBXBuildFile; fileRef = 37ABAD5D26B8915E00C9898E /* SceneDelegate.swift */; };
		37ABAD6026B8915E00C9898E /* TipViewController.swift in Sources */ = {isa = PBXBuildFile; fileRef = 37ABAD5F26B8915E00C9898E /* TipViewController.swift */; };
		37ABAD6326B8915E00C9898E /* Main.storyboard in Resources */ = {isa = PBXBuildFile; fileRef = 37ABAD6126B8915E00C9898E /* Main.storyboard */; };
		37ABAD6526B8916000C9898E /* Assets.xcassets in Resources */ = {isa = PBXBuildFile; fileRef = 37ABAD6426B8916000C9898E /* Assets.xcassets */; };
		37ABAD6826B8916000C9898E /* LaunchScreen.storyboard in Resources */ = {isa = PBXBuildFile; fileRef = 37ABAD6626B8916000C9898E /* LaunchScreen.storyboard */; };
		37ABAD7326B8916100C9898E /* PreworkTests.swift in Sources */ = {isa = PBXBuildFile; fileRef = 37ABAD7226B8916100C9898E /* PreworkTests.swift */; };
		37ABAD7E26B8916100C9898E /* PreworkUITests.swift in Sources */ = {isa = PBXBuildFile; fileRef = 37ABAD7D26B8916100C9898E /* PreworkUITests.swift */; };
/* End PBXBuildFile section */

/* Begin PBXContainerItemProxy section */
		37ABAD6F26B8916100C9898E /* PBXContainerItemProxy */ = {
			isa = PBXContainerItemProxy;
			containerPortal = 37ABAD5026B8915E00C9898E /* Project object */;
			proxyType = 1;
			remoteGlobalIDString = 37ABAD5726B8915E00C9898E;
			remoteInfo = Prework;
		};
		37ABAD7A26B8916100C9898E /* PBXContainerItemProxy */ = {
			isa = PBXContainerItemProxy;
			containerPortal = 37ABAD5026B8915E00C9898E /* Project object */;
			proxyType = 1;
			remoteGlobalIDString = 37ABAD5726B8915E00C9898E;
			remoteInfo = Prework;
		};
/* End PBXContainerItemProxy section */

/* Begin PBXFileReference section */
		37302F9E26BE859B00411062 /* CurrencyField.swift */ = {isa = PBXFileReference; lastKnownFileType = sourcecode.swift; path = CurrencyField.swift; sourceTree = "<group>"; };
		37302FA026BE8CC900411062 /* CurrencyLabel.swift */ = {isa = PBXFileReference; lastKnownFileType = sourcecode.swift; path = CurrencyLabel.swift; sourceTree = "<group>"; };
		37302FA226BE942500411062 /* SettingsViewController.swift */ = {isa = PBXFileReference; lastKnownFileType = sourcecode.swift; path = SettingsViewController.swift; sourceTree = "<group>"; };
		37ABAD5826B8915E00C9898E /* Prework.app */ = {isa = PBXFileReference; explicitFileType = wrapper.application; includeInIndex = 0; path = Prework.app; sourceTree = BUILT_PRODUCTS_DIR; };
		37ABAD5B26B8915E00C9898E /* AppDelegate.swift */ = {isa = PBXFileReference; lastKnownFileType = sourcecode.swift; path = AppDelegate.swift; sourceTree = "<group>"; };
		37ABAD5D26B8915E00C9898E /* SceneDelegate.swift */ = {isa = PBXFileReference; lastKnownFileType = sourcecode.swift; path = SceneDelegate.swift; sourceTree = "<group>"; };
		37ABAD5F26B8915E00C9898E /* TipViewController.swift */ = {isa = PBXFileReference; lastKnownFileType = sourcecode.swift; path = TipViewController.swift; sourceTree = "<group>"; };
		37ABAD6226B8915E00C9898E /* Base */ = {isa = PBXFileReference; lastKnownFileType = file.storyboard; name = Base; path = Base.lproj/Main.storyboard; sourceTree = "<group>"; };
		37ABAD6426B8916000C9898E /* Assets.xcassets */ = {isa = PBXFileReference; lastKnownFileType = folder.assetcatalog; path = Assets.xcassets; sourceTree = "<group>"; };
		37ABAD6726B8916000C9898E /* Base */ = {isa = PBXFileReference; lastKnownFileType = file.storyboard; name = Base; path = Base.lproj/LaunchScreen.storyboard; sourceTree = "<group>"; };
		37ABAD6926B8916000C9898E /* Info.plist */ = {isa = PBXFileReference; lastKnownFileType = text.plist.xml; path = Info.plist; sourceTree = "<group>"; };
		37ABAD6E26B8916100C9898E /* PreworkTests.xctest */ = {isa = PBXFileReference; explicitFileType = wrapper.cfbundle; includeInIndex = 0; path = PreworkTests.xctest; sourceTree = BUILT_PRODUCTS_DIR; };
		37ABAD7226B8916100C9898E /* PreworkTests.swift */ = {isa = PBXFileReference; lastKnownFileType = sourcecode.swift; path = PreworkTests.swift; sourceTree = "<group>"; };
		37ABAD7426B8916100C9898E /* Info.plist */ = {isa = PBXFileReference; lastKnownFileType = text.plist.xml; path = Info.plist; sourceTree = "<group>"; };
		37ABAD7926B8916100C9898E /* PreworkUITests.xctest */ = {isa = PBXFileReference; explicitFileType = wrapper.cfbundle; includeInIndex = 0; path = PreworkUITests.xctest; sourceTree = BUILT_PRODUCTS_DIR; };
		37ABAD7D26B8916100C9898E /* PreworkUITests.swift */ = {isa = PBXFileReference; lastKnownFileType = sourcecode.swift; path = PreworkUITests.swift; sourceTree = "<group>"; };
		37ABAD7F26B8916100C9898E /* Info.plist */ = {isa = PBXFileReference; lastKnownFileType = text.plist.xml; path = Info.plist; sourceTree = "<group>"; };
/* End PBXFileReference section */

/* Begin PBXFrameworksBuildPhase section */
		37ABAD5526B8915E00C9898E /* Frameworks */ = {
			isa = PBXFrameworksBuildPhase;
			buildActionMask = 2147483647;
			files = (
			);
			runOnlyForDeploymentPostprocessing = 0;
		};
		37ABAD6B26B8916100C9898E /* Frameworks */ = {
			isa = PBXFrameworksBuildPhase;
			buildActionMask = 2147483647;
			files = (
			);
			runOnlyForDeploymentPostprocessing = 0;
		};
		37ABAD7626B8916100C9898E /* Frameworks */ = {
			isa = PBXFrameworksBuildPhase;
			buildActionMask = 2147483647;
			files = (
			);
			runOnlyForDeploymentPostprocessing = 0;
		};
/* End PBXFrameworksBuildPhase section */

/* Begin PBXGroup section */
		37ABAD4F26B8915E00C9898E = {
			isa = PBXGroup;
			children = (
				37ABAD5A26B8915E00C9898E /* Prework */,
				37ABAD7126B8916100C9898E /* PreworkTests */,
				37ABAD7C26B8916100C9898E /* PreworkUITests */,
				37ABAD5926B8915E00C9898E /* Products */,
			);
			sourceTree = "<group>";
		};
		37ABAD5926B8915E00C9898E /* Products */ = {
			isa = PBXGroup;
			children = (
				37ABAD5826B8915E00C9898E /* Prework.app */,
				37ABAD6E26B8916100C9898E /* PreworkTests.xctest */,
				37ABAD7926B8916100C9898E /* PreworkUITests.xctest */,
			);
			name = Products;
			sourceTree = "<group>";
		};
		37ABAD5A26B8915E00C9898E /* Prework */ = {
			isa = PBXGroup;
			children = (
				37ABAD5B26B8915E00C9898E /* AppDelegate.swift */,
				37ABAD5D26B8915E00C9898E /* SceneDelegate.swift */,
				37ABAD5F26B8915E00C9898E /* TipViewController.swift */,
				37302F9E26BE859B00411062 /* CurrencyField.swift */,
				37ABAD6126B8915E00C9898E /* Main.storyboard */,
				37ABAD6426B8916000C9898E /* Assets.xcassets */,
				37302FA026BE8CC900411062 /* CurrencyLabel.swift */,
				37302FA226BE942500411062 /* SettingsViewController.swift */,
				37ABAD6626B8916000C9898E /* LaunchScreen.storyboard */,
				37ABAD6926B8916000C9898E /* Info.plist */,
			);
			path = Prework;
			sourceTree = "<group>";
		};
		37ABAD7126B8916100C9898E /* PreworkTests */ = {
			isa = PBXGroup;
			children = (
				37ABAD7226B8916100C9898E /* PreworkTests.swift */,
				37ABAD7426B8916100C9898E /* Info.plist */,
			);
			path = PreworkTests;
			sourceTree = "<group>";
		};
		37ABAD7C26B8916100C9898E /* PreworkUITests */ = {
			isa = PBXGroup;
			children = (
				37ABAD7D26B8916100C9898E /* PreworkUITests.swift */,
				37ABAD7F26B8916100C9898E /* Info.plist */,
			);
			path = PreworkUITests;
			sourceTree = "<group>";
		};
/* End PBXGroup section */

/* Begin PBXNativeTarget section */
		37ABAD5726B8915E00C9898E /* Prework */ = {
			isa = PBXNativeTarget;
			buildConfigurationList = 37ABAD8226B8916100C9898E /* Build configuration list for PBXNativeTarget "Prework" */;
			buildPhases = (
				37ABAD5426B8915E00C9898E /* Sources */,
				37ABAD5526B8915E00C9898E /* Frameworks */,
				37ABAD5626B8915E00C9898E /* Resources */,
			);
			buildRules = (
			);
			dependencies = (
			);
			name = Prework;
			productName = Prework;
			productReference = 37ABAD5826B8915E00C9898E /* Prework.app */;
			productType = "com.apple.product-type.application";
		};
		37ABAD6D26B8916100C9898E /* PreworkTests */ = {
			isa = PBXNativeTarget;
			buildConfigurationList = 37ABAD8526B8916100C9898E /* Build configuration list for PBXNativeTarget "PreworkTests" */;
			buildPhases = (
				37ABAD6A26B8916100C9898E /* Sources */,
				37ABAD6B26B8916100C9898E /* Frameworks */,
				37ABAD6C26B8916100C9898E /* Resources */,
			);
			buildRules = (
			);
			dependencies = (
				37ABAD7026B8916100C9898E /* PBXTargetDependency */,
			);
			name = PreworkTests;
			productName = PreworkTests;
			productReference = 37ABAD6E26B8916100C9898E /* PreworkTests.xctest */;
			productType = "com.apple.product-type.bundle.unit-test";
		};
		37ABAD7826B8916100C9898E /* PreworkUITests */ = {
			isa = PBXNativeTarget;
			buildConfigurationList = 37ABAD8826B8916100C9898E /* Build configuration list for PBXNativeTarget "PreworkUITests" */;
			buildPhases = (
				37ABAD7526B8916100C9898E /* Sources */,
				37ABAD7626B8916100C9898E /* Frameworks */,
				37ABAD7726B8916100C9898E /* Resources */,
			);
			buildRules = (
			);
			dependencies = (
				37ABAD7B26B8916100C9898E /* PBXTargetDependency */,
			);
			name = PreworkUITests;
			productName = PreworkUITests;
			productReference = 37ABAD7926B8916100C9898E /* PreworkUITests.xctest */;
			productType = "com.apple.product-type.bundle.ui-testing";
		};
/* End PBXNativeTarget section */

/* Begin PBXProject section */
		37ABAD5026B8915E00C9898E /* Project object */ = {
			isa = PBXProject;
			attributes = {
				LastSwiftUpdateCheck = 1250;
				LastUpgradeCheck = 1250;
				TargetAttributes = {
					37ABAD5726B8915E00C9898E = {
						CreatedOnToolsVersion = 12.5.1;
					};
					37ABAD6D26B8916100C9898E = {
						CreatedOnToolsVersion = 12.5.1;
						TestTargetID = 37ABAD5726B8915E00C9898E;
					};
					37ABAD7826B8916100C9898E = {
						CreatedOnToolsVersion = 12.5.1;
						TestTargetID = 37ABAD5726B8915E00C9898E;
					};
				};
			};
			buildConfigurationList = 37ABAD5326B8915E00C9898E /* Build configuration list for PBXProject "Prework" */;
			compatibilityVersion = "Xcode 9.3";
			developmentRegion = en;
			hasScannedForEncodings = 0;
			knownRegions = (
				en,
				Base,
			);
			mainGroup = 37ABAD4F26B8915E00C9898E;
			productRefGroup = 37ABAD5926B8915E00C9898E /* Products */;
			projectDirPath = "";
			projectRoot = "";
			targets = (
				37ABAD5726B8915E00C9898E /* Prework */,
				37ABAD6D26B8916100C9898E /* PreworkTests */,
				37ABAD7826B8916100C9898E /* PreworkUITests */,
			);
		};
/* End PBXProject section */

/* Begin PBXResourcesBuildPhase section */
		37ABAD5626B8915E00C9898E /* Resources */ = {
			isa = PBXResourcesBuildPhase;
			buildActionMask = 2147483647;
			files = (
				37ABAD6826B8916000C9898E /* LaunchScreen.storyboard in Resources */,
				37ABAD6526B8916000C9898E /* Assets.xcassets in Resources */,
				37ABAD6326B8915E00C9898E /* Main.storyboard in Resources */,
			);
			runOnlyForDeploymentPostprocessing = 0;
		};
		37ABAD6C26B8916100C9898E /* Resources */ = {
			isa = PBXResourcesBuildPhase;
			buildActionMask = 2147483647;
			files = (
			);
			runOnlyForDeploymentPostprocessing = 0;
		};
		37ABAD7726B8916100C9898E /* Resources */ = {
			isa = PBXResourcesBuildPhase;
			buildActionMask = 2147483647;
			files = (
			);
			runOnlyForDeploymentPostprocessing = 0;
		};
/* End PBXResourcesBuildPhase section */

/* Begin PBXSourcesBuildPhase section */
		37ABAD5426B8915E00C9898E /* Sources */ = {
			isa = PBXSourcesBuildPhase;
			buildActionMask = 2147483647;
			files = (
				37ABAD6026B8915E00C9898E /* TipViewController.swift in Sources */,
				37302F9F26BE859B00411062 /* CurrencyField.swift in Sources */,
				37302FA126BE8CC900411062 /* CurrencyLabel.swift in Sources */,
				37ABAD5C26B8915E00C9898E /* AppDelegate.swift in Sources */,
				37ABAD5E26B8915E00C9898E /* SceneDelegate.swift in Sources */,
				37302FA326BE942500411062 /* SettingsViewController.swift in Sources */,
			);
			runOnlyForDeploymentPostprocessing = 0;
		};
		37ABAD6A26B8916100C9898E /* Sources */ = {
			isa = PBXSourcesBuildPhase;
			buildActionMask = 2147483647;
			files = (
				37ABAD7326B8916100C9898E /* PreworkTests.swift in Sources */,
			);
			runOnlyForDeploymentPostprocessing = 0;
		};
		37ABAD7526B8916100C9898E /* Sources */ = {
			isa = PBXSourcesBuildPhase;
			buildActionMask = 2147483647;
			files = (
				37ABAD7E26B8916100C9898E /* PreworkUITests.swift in Sources */,
			);
			runOnlyForDeploymentPostprocessing = 0;
		};
/* End PBXSourcesBuildPhase section */

/* Begin PBXTargetDependency section */
		37ABAD7026B8916100C9898E /* PBXTargetDependency */ = {
			isa = PBXTargetDependency;
			target = 37ABAD5726B8915E00C9898E /* Prework */;
			targetProxy = 37ABAD6F26B8916100C9898E /* PBXContainerItemProxy */;
		};
		37ABAD7B26B8916100C9898E /* PBXTargetDependency */ = {
			isa = PBXTargetDependency;
			target = 37ABAD5726B8915E00C9898E /* Prework */;
			targetProxy = 37ABAD7A26B8916100C9898E /* PBXContainerItemProxy */;
		};
/* End PBXTargetDependency section */

/* Begin PBXVariantGroup section */
		37ABAD6126B8915E00C9898E /* Main.storyboard */ = {
			isa = PBXVariantGroup;
			children = (
				37ABAD6226B8915E00C9898E /* Base */,
			);
			name = Main.storyboard;
			sourceTree = "<group>";
		};
		37ABAD6626B8916000C9898E /* LaunchScreen.storyboard */ = {
			isa = PBXVariantGroup;
			children = (
				37ABAD6726B8916000C9898E /* Base */,
			);
			name = LaunchScreen.storyboard;
			sourceTree = "<group>";
		};
/* End PBXVariantGroup section */

/* Begin XCBuildConfiguration section */
		37ABAD8026B8916100C9898E /* Debug */ = {
			isa = XCBuildConfiguration;
			buildSettings = {
				ALWAYS_SEARCH_USER_PATHS = NO;
				CLANG_ANALYZER_NONNULL = YES;
				CLANG_ANALYZER_NUMBER_OBJECT_CONVERSION = YES_AGGRESSIVE;
				CLANG_CXX_LANGUAGE_STANDARD = "gnu++14";
				CLANG_CXX_LIBRARY = "libc++";
				CLANG_ENABLE_MODULES = YES;
				CLANG_ENABLE_OBJC_ARC = YES;
				CLANG_ENABLE_OBJC_WEAK = YES;
				CLANG_WARN_BLOCK_CAPTURE_AUTORELEASING = YES;
				CLANG_WARN_BOOL_CONVERSION = YES;
				CLANG_WARN_COMMA = YES;
				CLANG_WARN_CONSTANT_CONVERSION = YES;
				CLANG_WARN_DEPRECATED_OBJC_IMPLEMENTATIONS = YES;
				CLANG_WARN_DIRECT_OBJC_ISA_USAGE = YES_ERROR;
				CLANG_WARN_DOCUMENTATION_COMMENTS = YES;
				CLANG_WARN_EMPTY_BODY = YES;
				CLANG_WARN_ENUM_CONVERSION = YES;
				CLANG_WARN_INFINITE_RECURSION = YES;
				CLANG_WARN_INT_CONVERSION = YES;
				CLANG_WARN_NON_LITERAL_NULL_CONVERSION = YES;
				CLANG_WARN_OBJC_IMPLICIT_RETAIN_SELF = YES;
				CLANG_WARN_OBJC_LITERAL_CONVERSION = YES;
				CLANG_WARN_OBJC_ROOT_CLASS = YES_ERROR;
				CLANG_WARN_QUOTED_INCLUDE_IN_FRAMEWORK_HEADER = YES;
				CLANG_WARN_RANGE_LOOP_ANALYSIS = YES;
				CLANG_WARN_STRICT_PROTOTYPES = YES;
				CLANG_WARN_SUSPICIOUS_MOVE = YES;
				CLANG_WARN_UNGUARDED_AVAILABILITY = YES_AGGRESSIVE;
				CLANG_WARN_UNREACHABLE_CODE = YES;
				CLANG_WARN__DUPLICATE_METHOD_MATCH = YES;
				COPY_PHASE_STRIP = NO;
				DEBUG_INFORMATION_FORMAT = dwarf;
				ENABLE_STRICT_OBJC_MSGSEND = YES;
				ENABLE_TESTABILITY = YES;
				GCC_C_LANGUAGE_STANDARD = gnu11;
				GCC_DYNAMIC_NO_PIC = NO;
				GCC_NO_COMMON_BLOCKS = YES;
				GCC_OPTIMIZATION_LEVEL = 0;
				GCC_PREPROCESSOR_DEFINITIONS = (
					"DEBUG=1",
					"$(inherited)",
				);
				GCC_WARN_64_TO_32_BIT_CONVERSION = YES;
				GCC_WARN_ABOUT_RETURN_TYPE = YES_ERROR;
				GCC_WARN_UNDECLARED_SELECTOR = YES;
				GCC_WARN_UNINITIALIZED_AUTOS = YES_AGGRESSIVE;
				GCC_WARN_UNUSED_FUNCTION = YES;
				GCC_WARN_UNUSED_VARIABLE = YES;
				IPHONEOS_DEPLOYMENT_TARGET = 14.5;
				MTL_ENABLE_DEBUG_INFO = INCLUDE_SOURCE;
				MTL_FAST_MATH = YES;
				ONLY_ACTIVE_ARCH = YES;
				SDKROOT = iphoneos;
				SWIFT_ACTIVE_COMPILATION_CONDITIONS = DEBUG;
				SWIFT_OPTIMIZATION_LEVEL = "-Onone";
			};
			name = Debug;
		};
		37ABAD8126B8916100C9898E /* Release */ = {
			isa = XCBuildConfiguration;
			buildSettings = {
				ALWAYS_SEARCH_USER_PATHS = NO;
				CLANG_ANALYZER_NONNULL = YES;
				CLANG_ANALYZER_NUMBER_OBJECT_CONVERSION = YES_AGGRESSIVE;
				CLANG_CXX_LANGUAGE_STANDARD = "gnu++14";
				CLANG_CXX_LIBRARY = "libc++";
				CLANG_ENABLE_MODULES = YES;
				CLANG_ENABLE_OBJC_ARC = YES;
				CLANG_ENABLE_OBJC_WEAK = YES;
				CLANG_WARN_BLOCK_CAPTURE_AUTORELEASING = YES;
				CLANG_WARN_BOOL_CONVERSION = YES;
				CLANG_WARN_COMMA = YES;
				CLANG_WARN_CONSTANT_CONVERSION = YES;
				CLANG_WARN_DEPRECATED_OBJC_IMPLEMENTATIONS = YES;
				CLANG_WARN_DIRECT_OBJC_ISA_USAGE = YES_ERROR;
				CLANG_WARN_DOCUMENTATION_COMMENTS = YES;
				CLANG_WARN_EMPTY_BODY = YES;
				CLANG_WARN_ENUM_CONVERSION = YES;
				CLANG_WARN_INFINITE_RECURSION = YES;
				CLANG_WARN_INT_CONVERSION = YES;
				CLANG_WARN_NON_LITERAL_NULL_CONVERSION = YES;
				CLANG_WARN_OBJC_IMPLICIT_RETAIN_SELF = YES;
				CLANG_WARN_OBJC_LITERAL_CONVERSION = YES;
				CLANG_WARN_OBJC_ROOT_CLASS = YES_ERROR;
				CLANG_WARN_QUOTED_INCLUDE_IN_FRAMEWORK_HEADER = YES;
				CLANG_WARN_RANGE_LOOP_ANALYSIS = YES;
				CLANG_WARN_STRICT_PROTOTYPES = YES;
				CLANG_WARN_SUSPICIOUS_MOVE = YES;
				CLANG_WARN_UNGUARDED_AVAILABILITY = YES_AGGRESSIVE;
				CLANG_WARN_UNREACHABLE_CODE = YES;
				CLANG_WARN__DUPLICATE_METHOD_MATCH = YES;
				COPY_PHASE_STRIP = NO;
				DEBUG_INFORMATION_FORMAT = "dwarf-with-dsym";
				ENABLE_NS_ASSERTIONS = NO;
				ENABLE_STRICT_OBJC_MSGSEND = YES;
				GCC_C_LANGUAGE_STANDARD = gnu11;
				GCC_NO_COMMON_BLOCKS = YES;
				GCC_WARN_64_TO_32_BIT_CONVERSION = YES;
				GCC_WARN_ABOUT_RETURN_TYPE = YES_ERROR;
				GCC_WARN_UNDECLARED_SELECTOR = YES;
				GCC_WARN_UNINITIALIZED_AUTOS = YES_AGGRESSIVE;
				GCC_WARN_UNUSED_FUNCTION = YES;
				GCC_WARN_UNUSED_VARIABLE = YES;
				IPHONEOS_DEPLOYMENT_TARGET = 14.5;
				MTL_ENABLE_DEBUG_INFO = NO;
				MTL_FAST_MATH = YES;
				SDKROOT = iphoneos;
				SWIFT_COMPILATION_MODE = wholemodule;
				SWIFT_OPTIMIZATION_LEVEL = "-O";
				VALIDATE_PRODUCT = YES;
			};
			name = Release;
		};
		37ABAD8326B8916100C9898E /* Debug */ = {
			isa = XCBuildConfiguration;
			buildSettings = {
				ASSETCATALOG_COMPILER_APPICON_NAME = AppIcon;
				ASSETCATALOG_COMPILER_GLOBAL_ACCENT_COLOR_NAME = AccentColor;
				CODE_SIGN_STYLE = Automatic;
				DEVELOPMENT_TEAM = B3YGGHFFD4;
				INFOPLIST_FILE = Prework/Info.plist;
				IPHONEOS_DEPLOYMENT_TARGET = 14.5;
				LD_RUNPATH_SEARCH_PATHS = (
					"$(inherited)",
					"@executable_path/Frameworks",
				);
				PRODUCT_BUNDLE_IDENTIFIER = jarodwellinghoff.Prework;
				PRODUCT_NAME = "$(TARGET_NAME)";
				SWIFT_VERSION = 5.0;
				TARGETED_DEVICE_FAMILY = "1,2";
			};
			name = Debug;
		};
		37ABAD8426B8916100C9898E /* Release */ = {
			isa = XCBuildConfiguration;
			buildSettings = {
				ASSETCATALOG_COMPILER_APPICON_NAME = AppIcon;
				ASSETCATALOG_COMPILER_GLOBAL_ACCENT_COLOR_NAME = AccentColor;
				CODE_SIGN_STYLE = Automatic;
				DEVELOPMENT_TEAM = B3YGGHFFD4;
				INFOPLIST_FILE = Prework/Info.plist;
				IPHONEOS_DEPLOYMENT_TARGET = 14.5;
				LD_RUNPATH_SEARCH_PATHS = (
					"$(inherited)",
					"@executable_path/Frameworks",
				);
				PRODUCT_BUNDLE_IDENTIFIER = jarodwellinghoff.Prework;
				PRODUCT_NAME = "$(TARGET_NAME)";
				SWIFT_VERSION = 5.0;
				TARGETED_DEVICE_FAMILY = "1,2";
			};
			name = Release;
		};
		37ABAD8626B8916100C9898E /* Debug */ = {
			isa = XCBuildConfiguration;
			buildSettings = {
				ALWAYS_EMBED_SWIFT_STANDARD_LIBRARIES = YES;
				BUNDLE_LOADER = "$(TEST_HOST)";
				CODE_SIGN_STYLE = Automatic;
				INFOPLIST_FILE = PreworkTests/Info.plist;
				IPHONEOS_DEPLOYMENT_TARGET = 14.5;
				LD_RUNPATH_SEARCH_PATHS = (
					"$(inherited)",
					"@executable_path/Frameworks",
					"@loader_path/Frameworks",
				);
				PRODUCT_BUNDLE_IDENTIFIER = jarodwellinghoff.PreworkTests;
				PRODUCT_NAME = "$(TARGET_NAME)";
				SWIFT_VERSION = 5.0;
				TARGETED_DEVICE_FAMILY = "1,2";
				TEST_HOST = "$(BUILT_PRODUCTS_DIR)/Prework.app/Prework";
			};
			name = Debug;
		};
		37ABAD8726B8916100C9898E /* Release */ = {
			isa = XCBuildConfiguration;
			buildSettings = {
				ALWAYS_EMBED_SWIFT_STANDARD_LIBRARIES = YES;
				BUNDLE_LOADER = "$(TEST_HOST)";
				CODE_SIGN_STYLE = Automatic;
				INFOPLIST_FILE = PreworkTests/Info.plist;
				IPHONEOS_DEPLOYMENT_TARGET = 14.5;
				LD_RUNPATH_SEARCH_PATHS = (
					"$(inherited)",
					"@executable_path/Frameworks",
					"@loader_path/Frameworks",
				);
				PRODUCT_BUNDLE_IDENTIFIER = jarodwellinghoff.PreworkTests;
				PRODUCT_NAME = "$(TARGET_NAME)";
				SWIFT_VERSION = 5.0;
				TARGETED_DEVICE_FAMILY = "1,2";
				TEST_HOST = "$(BUILT_PRODUCTS_DIR)/Prework.app/Prework";
			};
			name = Release;
		};
		37ABAD8926B8916100C9898E /* Debug */ = {
			isa = XCBuildConfiguration;
			buildSettings = {
				ALWAYS_EMBED_SWIFT_STANDARD_LIBRARIES = YES;
				CODE_SIGN_STYLE = Automatic;
				INFOPLIST_FILE = PreworkUITests/Info.plist;
				LD_RUNPATH_SEARCH_PATHS = (
					"$(inherited)",
					"@executable_path/Frameworks",
					"@loader_path/Frameworks",
				);
				PRODUCT_BUNDLE_IDENTIFIER = jarodwellinghoff.PreworkUITests;
				PRODUCT_NAME = "$(TARGET_NAME)";
				SWIFT_VERSION = 5.0;
				TARGETED_DEVICE_FAMILY = "1,2";
				TEST_TARGET_NAME = Prework;
			};
			name = Debug;
		};
		37ABAD8A26B8916100C9898E /* Release */ = {
			isa = XCBuildConfiguration;
			buildSettings = {
				ALWAYS_EMBED_SWIFT_STANDARD_LIBRARIES = YES;
				CODE_SIGN_STYLE = Automatic;
				INFOPLIST_FILE = PreworkUITests/Info.plist;
				LD_RUNPATH_SEARCH_PATHS = (
					"$(inherited)",
					"@executable_path/Frameworks",
					"@loader_path/Frameworks",
				);
				PRODUCT_BUNDLE_IDENTIFIER = jarodwellinghoff.PreworkUITests;
				PRODUCT_NAME = "$(TARGET_NAME)";
				SWIFT_VERSION = 5.0;
				TARGETED_DEVICE_FAMILY = "1,2";
				TEST_TARGET_NAME = Prework;
			};
			name = Release;
		};
/* End XCBuildConfiguration section */

/* Begin XCConfigurationList section */
		37ABAD5326B8915E00C9898E /* Build configuration list for PBXProject "Prework" */ = {
			isa = XCConfigurationList;
			buildConfigurations = (
				37ABAD8026B8916100C9898E /* Debug */,
				37ABAD8126B8916100C9898E /* Release */,
			);
			defaultConfigurationIsVisible = 0;
			defaultConfigurationName = Release;
		};
		37ABAD8226B8916100C9898E /* Build configuration list for PBXNativeTarget "Prework" */ = {
			isa = XCConfigurationList;
			buildConfigurations = (
				37ABAD8326B8916100C9898E /* Debug */,
				37ABAD8426B8916100C9898E /* Release */,
			);
			defaultConfigurationIsVisible = 0;
			defaultConfigurationName = Release;
		};
		37ABAD8526B8916100C9898E /* Build configuration list for PBXNativeTarget "PreworkTests" */ = {
			isa = XCConfigurationList;
			buildConfigurations = (
				37ABAD8626B8916100C9898E /* Debug */,
				37ABAD8726B8916100C9898E /* Release */,
			);
			defaultConfigurationIsVisible = 0;
			defaultConfigurationName = Release;
		};
		37ABAD8826B8916100C9898E /* Build configuration list for PBXNativeTarget "PreworkUITests" */ = {
			isa = XCConfigurationList;
			buildConfigurations = (
				37ABAD8926B8916100C9898E /* Debug */,
				37ABAD8A26B8916100C9898E /* Release */,
			);
			defaultConfigurationIsVisible = 0;
			defaultConfigurationName = Release;
		};
/* End XCConfigurationList section */
	};
	rootObject = 37ABAD5026B8915E00C9898E /* Project object */;
}
